{
  "version": 4,
  "terraform_version": "1.3.4",
  "serial": 66,
  "lineage": "04a1f589-eec9-2f37-99c4-f0c259126e08",
  "outputs": {
    "generated_ssh_private_key": {
      "value": "-----BEGIN RSA PRIVATE KEY-----\nMIIEogIBAAKCAQEAx4HE4zxqYt3Uz3wqIv2B7CYbXpX9SPDPmgnmfirvEH8hS1sL\nEgp8OD//WuPg5nrMCP7n+DHhEYNTWXfoJtItEEnk+Pm0dKTqRk/eiGlWdY6PggAN\nrL0kZkBMflcDwLX3MiGs95jyE2bkHRCsFrrRNVyk9fBjaApH2m3tC0oiluQoTtRp\n/0NT79ivQzURGVC+3rjX+qM+j8kiu3fIXNf/q49a9Hd1w7XAVBTGzHdGqxOrCdAk\nnjX1ckDo1TaBV+/RLwOFLQ0eQTvCAUNn9iAvh8SdOQv8CktnusV8Y3yarlinn3e3\n+XxbcP81LP2isrrXEEat5gD4B3Z2kPvxvy4PgQIDAQABAoIBAEbTePQ65IHIwt4N\n9F+Lo+4T8S95C/wzEWBcF2m/EDPJDibUYW+8LTFC9wJrV9I60eh3ph5khsRS3Oos\nOUxe3QSlVxZUf43RZiIkBJpk2v7M54F9R12FoEB0nzNS7NAjSWiQr/kOYRImOuFe\no9lF5TOOejmdZ4zt6WhQEhEp9nGeWSsbUZqMmkU8vj4Jo8rWXzQ2YX1vMSvBCndE\n+Hb32xc9ZfH1XJ+0lIDRBNuYfrRQvMu1N5sU5Dw3hycGQ+QkodED0Kk7RbRcUzHM\nwdWqi9W+h1wJHJPVUaGDuUop5diwODa9GIqNx/LIRr3jXn/kB5JxlJ8/l1rsOjYL\nx2FwpmECgYEA07ORIOGQo+rzPf6reV5zCo55p1L9Qk6vy4iRJLen3bQDDB8t+O3x\nMamqLQq05Sukw8+mS1tbhJiaXLnm/bETEn+9rJyiN2W2dX82AFHOdpBRifpHLQo9\nThvZ750pRaBAPCUA8+gZErK9K+4u9RDyRUPZL38Yo29NGmvntDjBSKUCgYEA8UD3\nIsKnyRBqm9HGjVwVNDU/5cTubHROMo4JFQXQfg0ya8Gv4HfU1vaV70nxGNiLCYIa\nJMif3g458+02s/kpCpam2oLcxj+EbGp2Sot4SH0n+jIcJSUMhYJAv+sx8s/tO8IO\n51628mJQGnl5npDVL2GCFHnrL0QUcQD9HjJWmK0CgYBXMpVKh949xh6eoHEcsqyL\n4pd1Nhee4i5ClWPDTepUxTqkGYukBs3b+NhhaRGNe2aISNVkIKMXgIvEOcZNJEyI\nyBjmKjYev0RiLR2fEBMMfvE29eGvSZJqw8oGiiNfzFvo6gz0ads5+mk02Qx6YJqJ\nsSKaD62kU8ncYimz79SdCQKBgEjV/kbmUdWoOSd1++XtqREsCnCKNhlUO8+ThjZs\nnPeRcGmL/ldclkuYAshNoJaJueBTASWd1HYsAV8dfOh1Duj9dr59x72qq4Y31iLH\nXLc14f3tZwXn25HrMzU+AsR19f+WpP1BYSZofBqiFg/DVjmJzMX10QViHnHHhKO7\nOt25AoGAJ3IjYbRvZ81ippb3CaUWfeTpYsAeWeZaaMhZL+6afC/Pps++w3StUI8W\n9FJgGvCjAL39OTOPjWV+yZNdqykIatMNAGqtlt22YgDroTrrMMZ/SIvjgROr+O3P\nJzOSQG9L6Izkd94Ia0qnENFacCjpAP1vg0adibJ9sDa8JpVecFU=\n-----END RSA PRIVATE KEY-----\n",
      "type": "string"
    },
    "jumpsrv_public_ip": {
      "value": "144.24.45.110",
      "type": "string"
    },
    "server1_private_ip": {
      "value": "10.0.1.122",
      "type": "string"
    },
    "server2_private_ip": {
      "value": "10.0.1.240",
      "type": "string"
    }
  },
  "resources": [
    {
      "mode": "data",
      "type": "oci_identity_availability_domain",
      "name": "ad",
      "provider": "provider[\"registry.terraform.io/hashicorp/oci\"]",
      "instances": [
        {
          "schema_version": 0,
          "attributes": {
            "ad_number": 1,
            "compartment_id": "ocid1.tenancy.oc1..aaaaaaaaubrkzed3mzqxtsxx4qnfgmcmoh5mm7r6r33e3joefrayjnrmf7oa",
            "id": "ocid1.availabilitydomain.oc1..aaaaaaaaupx7ga46w4xbb3fnkoh7rtyumacyb3ek6bw7bt3qff3mgt3mbrlq",
            "name": "kZAQ:PHX-AD-1"
          },
          "sensitive_attributes": []
        }
      ]
    },
    {
      "mode": "managed",
      "type": "local_file",
      "name": "key_file",
      "provider": "provider[\"registry.terraform.io/hashicorp/local\"]",
      "instances": [
        {
          "schema_version": 0,
          "attributes": {
            "content": "-----BEGIN RSA PRIVATE KEY-----\nMIIEogIBAAKCAQEAx4HE4zxqYt3Uz3wqIv2B7CYbXpX9SPDPmgnmfirvEH8hS1sL\nEgp8OD//WuPg5nrMCP7n+DHhEYNTWXfoJtItEEnk+Pm0dKTqRk/eiGlWdY6PggAN\nrL0kZkBMflcDwLX3MiGs95jyE2bkHRCsFrrRNVyk9fBjaApH2m3tC0oiluQoTtRp\n/0NT79ivQzURGVC+3rjX+qM+j8kiu3fIXNf/q49a9Hd1w7XAVBTGzHdGqxOrCdAk\nnjX1ckDo1TaBV+/RLwOFLQ0eQTvCAUNn9iAvh8SdOQv8CktnusV8Y3yarlinn3e3\n+XxbcP81LP2isrrXEEat5gD4B3Z2kPvxvy4PgQIDAQABAoIBAEbTePQ65IHIwt4N\n9F+Lo+4T8S95C/wzEWBcF2m/EDPJDibUYW+8LTFC9wJrV9I60eh3ph5khsRS3Oos\nOUxe3QSlVxZUf43RZiIkBJpk2v7M54F9R12FoEB0nzNS7NAjSWiQr/kOYRImOuFe\no9lF5TOOejmdZ4zt6WhQEhEp9nGeWSsbUZqMmkU8vj4Jo8rWXzQ2YX1vMSvBCndE\n+Hb32xc9ZfH1XJ+0lIDRBNuYfrRQvMu1N5sU5Dw3hycGQ+QkodED0Kk7RbRcUzHM\nwdWqi9W+h1wJHJPVUaGDuUop5diwODa9GIqNx/LIRr3jXn/kB5JxlJ8/l1rsOjYL\nx2FwpmECgYEA07ORIOGQo+rzPf6reV5zCo55p1L9Qk6vy4iRJLen3bQDDB8t+O3x\nMamqLQq05Sukw8+mS1tbhJiaXLnm/bETEn+9rJyiN2W2dX82AFHOdpBRifpHLQo9\nThvZ750pRaBAPCUA8+gZErK9K+4u9RDyRUPZL38Yo29NGmvntDjBSKUCgYEA8UD3\nIsKnyRBqm9HGjVwVNDU/5cTubHROMo4JFQXQfg0ya8Gv4HfU1vaV70nxGNiLCYIa\nJMif3g458+02s/kpCpam2oLcxj+EbGp2Sot4SH0n+jIcJSUMhYJAv+sx8s/tO8IO\n51628mJQGnl5npDVL2GCFHnrL0QUcQD9HjJWmK0CgYBXMpVKh949xh6eoHEcsqyL\n4pd1Nhee4i5ClWPDTepUxTqkGYukBs3b+NhhaRGNe2aISNVkIKMXgIvEOcZNJEyI\nyBjmKjYev0RiLR2fEBMMfvE29eGvSZJqw8oGiiNfzFvo6gz0ads5+mk02Qx6YJqJ\nsSKaD62kU8ncYimz79SdCQKBgEjV/kbmUdWoOSd1++XtqREsCnCKNhlUO8+ThjZs\nnPeRcGmL/ldclkuYAshNoJaJueBTASWd1HYsAV8dfOh1Duj9dr59x72qq4Y31iLH\nXLc14f3tZwXn25HrMzU+AsR19f+WpP1BYSZofBqiFg/DVjmJzMX10QViHnHHhKO7\nOt25AoGAJ3IjYbRvZ81ippb3CaUWfeTpYsAeWeZaaMhZL+6afC/Pps++w3StUI8W\n9FJgGvCjAL39OTOPjWV+yZNdqykIatMNAGqtlt22YgDroTrrMMZ/SIvjgROr+O3P\nJzOSQG9L6Izkd94Ia0qnENFacCjpAP1vg0adibJ9sDa8JpVecFU=\n-----END RSA PRIVATE KEY-----\n",
            "content_base64": null,
            "directory_permission": "0777",
            "file_permission": "0777",
            "filename": "./key.pem",
            "id": "46c88ce0f2ba8788b6a0f6184227fed95720ebc2",
            "sensitive_content": null,
            "source": null
          },
          "sensitive_attributes": [
            [
              {
                "type": "get_attr",
                "value": "content"
              }
            ]
          ],
          "private": "bnVsbA==",
          "dependencies": [
            "tls_private_key.ssh_key"
          ]
        }
      ]
    },
    {
      "mode": "managed",
      "type": "tls_private_key",
      "name": "ssh_key",
      "provider": "provider[\"registry.terraform.io/hashicorp/tls\"]",
      "instances": [
        {
          "schema_version": 1,
          "attributes": {
            "algorithm": "RSA",
            "ecdsa_curve": "P224",
            "id": "f6ff77aebe2c5c0025bb5fb62b7204c377ee9f6d",
            "private_key_openssh": "-----BEGIN OPENSSH PRIVATE KEY-----\nb3BlbnNzaC1rZXktdjEAAAAABG5vbmUAAAAEbm9uZQAAAAAAAAABAAABFwAAAAdz\nc2gtcnNhAAAAAwEAAQAAAQEAx4HE4zxqYt3Uz3wqIv2B7CYbXpX9SPDPmgnmfirv\nEH8hS1sLEgp8OD//WuPg5nrMCP7n+DHhEYNTWXfoJtItEEnk+Pm0dKTqRk/eiGlW\ndY6PggANrL0kZkBMflcDwLX3MiGs95jyE2bkHRCsFrrRNVyk9fBjaApH2m3tC0oi\nluQoTtRp/0NT79ivQzURGVC+3rjX+qM+j8kiu3fIXNf/q49a9Hd1w7XAVBTGzHdG\nqxOrCdAknjX1ckDo1TaBV+/RLwOFLQ0eQTvCAUNn9iAvh8SdOQv8CktnusV8Y3ya\nrlinn3e3+XxbcP81LP2isrrXEEat5gD4B3Z2kPvxvy4PgQAAA7gEaqzLBGqsywAA\nAAdzc2gtcnNhAAABAQDHgcTjPGpi3dTPfCoi/YHsJhtelf1I8M+aCeZ+Ku8QfyFL\nWwsSCnw4P/9a4+DmeswI/uf4MeERg1NZd+gm0i0QSeT4+bR0pOpGT96IaVZ1jo+C\nAA2svSRmQEx+VwPAtfcyIaz3mPITZuQdEKwWutE1XKT18GNoCkfabe0LSiKW5ChO\n1Gn/Q1Pv2K9DNREZUL7euNf6oz6PySK7d8hc1/+rj1r0d3XDtcBUFMbMd0arE6sJ\n0CSeNfVyQOjVNoFX79EvA4UtDR5BO8IBQ2f2IC+HxJ05C/wKS2e6xXxjfJquWKef\nd7f5fFtw/zUs/aKyutcQRq3mAPgHdnaQ+/G/Lg+BAAAAAwEAAQAAAQBG03j0OuSB\nyMLeDfRfi6PuE/EveQv8MxFgXBdpvxAzyQ4m1GFvvC0xQvcCa1fSOtHod6YeZIbE\nUtzqLDlMXt0EpVcWVH+N0WYiJASaZNr+zOeBfUddhaBAdJ8zUuzQI0lokK/5DmES\nJjrhXqPZReUzjno5nWeM7eloUBIRKfZxnlkrG1GajJpFPL4+CaPK1l80NmF9bzEr\nwQp3RPh299sXPWXx9VyftJSA0QTbmH60ULzLtTebFOQ8N4cnBkPkJKHRA9CpO0W0\nXFMxzMHVqovVvodcCRyT1VGhg7lKKeXYsDg2vRiKjcfyyEa9415/5AeScZSfP5da\n7Do2C8dhcKZhAAAAgCdyI2G0b2fNYqaW9wmlFn3k6WLAHlnmWmjIWS/umnwvz6bP\nvsN0rVCPFvRSYBrwowC9/Tkzj41lfsmTXaspCGrTDQBqrZbdtmIA66E66zDGf0iL\n44ETq/jtzyczkkBvS+iM5HfeCGtKpxDRWnAo6QD9b4NGnYmyfbA2vCaVXnBVAAAA\ngQDTs5Eg4ZCj6vM9/qt5XnMKjnmnUv1CTq/LiJEkt6fdtAMMHy347fExqaotCrTl\nK6TDz6ZLW1uEmJpcueb9sRMSf72snKI3ZbZ1fzYAUc52kFGJ+kctCj1OG9nvnSlF\noEA8JQDz6BkSsr0r7i71EPJFQ9kvfxijb00aa+e0OMFIpQAAAIEA8UD3IsKnyRBq\nm9HGjVwVNDU/5cTubHROMo4JFQXQfg0ya8Gv4HfU1vaV70nxGNiLCYIaJMif3g45\n8+02s/kpCpam2oLcxj+EbGp2Sot4SH0n+jIcJSUMhYJAv+sx8s/tO8IO51628mJQ\nGnl5npDVL2GCFHnrL0QUcQD9HjJWmK0AAAAAAQID\n-----END OPENSSH PRIVATE KEY-----\n",
            "private_key_pem": "-----BEGIN RSA PRIVATE KEY-----\nMIIEogIBAAKCAQEAx4HE4zxqYt3Uz3wqIv2B7CYbXpX9SPDPmgnmfirvEH8hS1sL\nEgp8OD//WuPg5nrMCP7n+DHhEYNTWXfoJtItEEnk+Pm0dKTqRk/eiGlWdY6PggAN\nrL0kZkBMflcDwLX3MiGs95jyE2bkHRCsFrrRNVyk9fBjaApH2m3tC0oiluQoTtRp\n/0NT79ivQzURGVC+3rjX+qM+j8kiu3fIXNf/q49a9Hd1w7XAVBTGzHdGqxOrCdAk\nnjX1ckDo1TaBV+/RLwOFLQ0eQTvCAUNn9iAvh8SdOQv8CktnusV8Y3yarlinn3e3\n+XxbcP81LP2isrrXEEat5gD4B3Z2kPvxvy4PgQIDAQABAoIBAEbTePQ65IHIwt4N\n9F+Lo+4T8S95C/wzEWBcF2m/EDPJDibUYW+8LTFC9wJrV9I60eh3ph5khsRS3Oos\nOUxe3QSlVxZUf43RZiIkBJpk2v7M54F9R12FoEB0nzNS7NAjSWiQr/kOYRImOuFe\no9lF5TOOejmdZ4zt6WhQEhEp9nGeWSsbUZqMmkU8vj4Jo8rWXzQ2YX1vMSvBCndE\n+Hb32xc9ZfH1XJ+0lIDRBNuYfrRQvMu1N5sU5Dw3hycGQ+QkodED0Kk7RbRcUzHM\nwdWqi9W+h1wJHJPVUaGDuUop5diwODa9GIqNx/LIRr3jXn/kB5JxlJ8/l1rsOjYL\nx2FwpmECgYEA07ORIOGQo+rzPf6reV5zCo55p1L9Qk6vy4iRJLen3bQDDB8t+O3x\nMamqLQq05Sukw8+mS1tbhJiaXLnm/bETEn+9rJyiN2W2dX82AFHOdpBRifpHLQo9\nThvZ750pRaBAPCUA8+gZErK9K+4u9RDyRUPZL38Yo29NGmvntDjBSKUCgYEA8UD3\nIsKnyRBqm9HGjVwVNDU/5cTubHROMo4JFQXQfg0ya8Gv4HfU1vaV70nxGNiLCYIa\nJMif3g458+02s/kpCpam2oLcxj+EbGp2Sot4SH0n+jIcJSUMhYJAv+sx8s/tO8IO\n51628mJQGnl5npDVL2GCFHnrL0QUcQD9HjJWmK0CgYBXMpVKh949xh6eoHEcsqyL\n4pd1Nhee4i5ClWPDTepUxTqkGYukBs3b+NhhaRGNe2aISNVkIKMXgIvEOcZNJEyI\nyBjmKjYev0RiLR2fEBMMfvE29eGvSZJqw8oGiiNfzFvo6gz0ads5+mk02Qx6YJqJ\nsSKaD62kU8ncYimz79SdCQKBgEjV/kbmUdWoOSd1++XtqREsCnCKNhlUO8+ThjZs\nnPeRcGmL/ldclkuYAshNoJaJueBTASWd1HYsAV8dfOh1Duj9dr59x72qq4Y31iLH\nXLc14f3tZwXn25HrMzU+AsR19f+WpP1BYSZofBqiFg/DVjmJzMX10QViHnHHhKO7\nOt25AoGAJ3IjYbRvZ81ippb3CaUWfeTpYsAeWeZaaMhZL+6afC/Pps++w3StUI8W\n9FJgGvCjAL39OTOPjWV+yZNdqykIatMNAGqtlt22YgDroTrrMMZ/SIvjgROr+O3P\nJzOSQG9L6Izkd94Ia0qnENFacCjpAP1vg0adibJ9sDa8JpVecFU=\n-----END RSA PRIVATE KEY-----\n",
            "private_key_pem_pkcs8": "-----BEGIN PRIVATE KEY-----\nMIIEvAIBADANBgkqhkiG9w0BAQEFAASCBKYwggSiAgEAAoIBAQDHgcTjPGpi3dTP\nfCoi/YHsJhtelf1I8M+aCeZ+Ku8QfyFLWwsSCnw4P/9a4+DmeswI/uf4MeERg1NZ\nd+gm0i0QSeT4+bR0pOpGT96IaVZ1jo+CAA2svSRmQEx+VwPAtfcyIaz3mPITZuQd\nEKwWutE1XKT18GNoCkfabe0LSiKW5ChO1Gn/Q1Pv2K9DNREZUL7euNf6oz6PySK7\nd8hc1/+rj1r0d3XDtcBUFMbMd0arE6sJ0CSeNfVyQOjVNoFX79EvA4UtDR5BO8IB\nQ2f2IC+HxJ05C/wKS2e6xXxjfJquWKefd7f5fFtw/zUs/aKyutcQRq3mAPgHdnaQ\n+/G/Lg+BAgMBAAECggEARtN49DrkgcjC3g30X4uj7hPxL3kL/DMRYFwXab8QM8kO\nJtRhb7wtMUL3AmtX0jrR6HemHmSGxFLc6iw5TF7dBKVXFlR/jdFmIiQEmmTa/szn\ngX1HXYWgQHSfM1Ls0CNJaJCv+Q5hEiY64V6j2UXlM456OZ1njO3paFASESn2cZ5Z\nKxtRmoyaRTy+PgmjytZfNDZhfW8xK8EKd0T4dvfbFz1l8fVcn7SUgNEE25h+tFC8\ny7U3mxTkPDeHJwZD5CSh0QPQqTtFtFxTMczB1aqL1b6HXAkck9VRoYO5Sinl2LA4\nNr0Yio3H8shGveNef+QHknGUnz+XWuw6NgvHYXCmYQKBgQDTs5Eg4ZCj6vM9/qt5\nXnMKjnmnUv1CTq/LiJEkt6fdtAMMHy347fExqaotCrTlK6TDz6ZLW1uEmJpcueb9\nsRMSf72snKI3ZbZ1fzYAUc52kFGJ+kctCj1OG9nvnSlFoEA8JQDz6BkSsr0r7i71\nEPJFQ9kvfxijb00aa+e0OMFIpQKBgQDxQPciwqfJEGqb0caNXBU0NT/lxO5sdE4y\njgkVBdB+DTJrwa/gd9TW9pXvSfEY2IsJghokyJ/eDjnz7Taz+SkKlqbagtzGP4Rs\nanZKi3hIfSf6MhwlJQyFgkC/6zHyz+07wg7nXrbyYlAaeXmekNUvYYIUeesvRBRx\nAP0eMlaYrQKBgFcylUqH3j3GHp6gcRyyrIvil3U2F57iLkKVY8NN6lTFOqQZi6QG\nzdv42GFpEY17ZohI1WQgoxeAi8Q5xk0kTIjIGOYqNh6/RGItHZ8QEwx+8Tb14a9J\nkmrDygaKI1/MW+jqDPRp2zn6aTTZDHpgmomxIpoPraRTydxiKbPv1J0JAoGASNX+\nRuZR1ag5J3X75e2pESwKcIo2GVQ7z5OGNmyc95FwaYv+V1yWS5gCyE2glom54FMB\nJZ3UdiwBXx186HUO6P12vn3HvaqrhjfWIsdctzXh/e1nBefbkeszNT4CxHX1/5ak\n/UFhJmh8GqIWD8NWOYnMxfXRBWIecceEo7s63bkCgYAnciNhtG9nzWKmlvcJpRZ9\n5OliwB5Z5lpoyFkv7pp8L8+mz77DdK1Qjxb0UmAa8KMAvf05M4+NZX7Jk12rKQhq\n0w0Aaq2W3bZiAOuhOuswxn9Ii+OBE6v47c8nM5JAb0vojOR33ghrSqcQ0VpwKOkA\n/W+DRp2Jsn2wNrwmlV5wVQ==\n-----END PRIVATE KEY-----\n",
            "public_key_fingerprint_md5": "33:2c:e1:63:01:24:50:83:b3:fa:63:62:a8:73:43:0f",
            "public_key_fingerprint_sha256": "SHA256:VHCvPIZI+NiPT54YsbIY3Ae7SRUmPXc/3MvGgP5Z0/k",
            "public_key_openssh": "ssh-rsa AAAAB3NzaC1yc2EAAAADAQABAAABAQDHgcTjPGpi3dTPfCoi/YHsJhtelf1I8M+aCeZ+Ku8QfyFLWwsSCnw4P/9a4+DmeswI/uf4MeERg1NZd+gm0i0QSeT4+bR0pOpGT96IaVZ1jo+CAA2svSRmQEx+VwPAtfcyIaz3mPITZuQdEKwWutE1XKT18GNoCkfabe0LSiKW5ChO1Gn/Q1Pv2K9DNREZUL7euNf6oz6PySK7d8hc1/+rj1r0d3XDtcBUFMbMd0arE6sJ0CSeNfVyQOjVNoFX79EvA4UtDR5BO8IBQ2f2IC+HxJ05C/wKS2e6xXxjfJquWKefd7f5fFtw/zUs/aKyutcQRq3mAPgHdnaQ+/G/Lg+B\n",
            "public_key_pem": "-----BEGIN PUBLIC KEY-----\nMIIBIjANBgkqhkiG9w0BAQEFAAOCAQ8AMIIBCgKCAQEAx4HE4zxqYt3Uz3wqIv2B\n7CYbXpX9SPDPmgnmfirvEH8hS1sLEgp8OD//WuPg5nrMCP7n+DHhEYNTWXfoJtIt\nEEnk+Pm0dKTqRk/eiGlWdY6PggANrL0kZkBMflcDwLX3MiGs95jyE2bkHRCsFrrR\nNVyk9fBjaApH2m3tC0oiluQoTtRp/0NT79ivQzURGVC+3rjX+qM+j8kiu3fIXNf/\nq49a9Hd1w7XAVBTGzHdGqxOrCdAknjX1ckDo1TaBV+/RLwOFLQ0eQTvCAUNn9iAv\nh8SdOQv8CktnusV8Y3yarlinn3e3+XxbcP81LP2isrrXEEat5gD4B3Z2kPvxvy4P\ngQIDAQAB\n-----END PUBLIC KEY-----\n",
            "rsa_bits": 2048
          },
          "sensitive_attributes": []
        }
      ]
    },
    {
      "module": "module.bastion",
      "mode": "managed",
      "type": "oci_bastion_bastion",
      "name": "bastion-service",
      "provider": "provider[\"registry.terraform.io/hashicorp/oci\"]",
      "instances": [
        {
          "index_key": 0,
          "schema_version": 0,
          "attributes": {
            "bastion_type": "STANDARD",
            "client_cidr_block_allow_list": [
              "0.0.0.0/0"
            ],
            "compartment_id": "ocid1.compartment.oc1..aaaaaaaafqqzlp3q7hinidlksbhanwlw7trv74sv6tkbympy72a5kmyui6eq",
            "defined_tags": {
              "DynamicGroup.InstancePrincipal": "Enabled",
              "Oracle-Tags.CreatedBy": "oracleidentitycloudservice/michael.prestin@oracle.com",
              "Oracle-Tags.CreatedOn": "2022-11-09T23:35:11.262Z"
            },
            "dns_proxy_status": "DISABLED",
            "freeform_tags": {},
            "id": "ocid1.bastion.oc1.phx.amaaaaaaxkh5s6iaspuz5gdoy64tqzigb22yuabd5qbwskc4kkxlo7zkbkmq",
            "lifecycle_details": null,
            "max_session_ttl_in_seconds": 10800,
            "max_sessions_allowed": 20,
            "name": "BastionService",
            "phone_book_entry": null,
            "private_endpoint_ip_address": "10.0.1.137",
            "state": "ACTIVE",
            "static_jump_host_ip_addresses": [],
            "system_tags": {},
            "target_subnet_id": "ocid1.subnet.oc1.phx.aaaaaaaa5j7yovn47b3h5yexbqcqf4svjp3kzrm7kt734zygpjb44p563blq",
            "target_vcn_id": "ocid1.vcn.oc1.phx.amaaaaaaxkh5s6iatxrbcgnid3k5lba6rfskmnxgbaja3st7hzj2td76b6aa",
            "time_created": "2022-11-09 23:35:16.071 +0000 UTC",
            "time_updated": "2022-11-09 23:36:30.086 +0000 UTC",
            "timeouts": null
          },
          "sensitive_attributes": [],
          "private": "eyJlMmJmYjczMC1lY2FhLTExZTYtOGY4OC0zNDM2M2JjN2M0YzAiOnsiY3JlYXRlIjoxMjAwMDAwMDAwMDAwLCJkZWxldGUiOjEyMDAwMDAwMDAwMDAsInVwZGF0ZSI6MTIwMDAwMDAwMDAwMH19",
          "dependencies": [
            "module.network.data.oci_core_services.net_services",
            "module.network.oci_core_internet_gateway.internet_gateway",
            "module.network.oci_core_nat_gateway.nat_gateway",
            "module.network.oci_core_route_table.private_subnet_route_table",
            "module.network.oci_core_route_table.public_subnet_route_table",
            "module.network.oci_core_security_list.private_subnet_securitylist",
            "module.network.oci_core_security_list.public_subnet_securitylist",
            "module.network.oci_core_service_gateway.service_gateway",
            "module.network.oci_core_subnet.private_subnet",
            "module.network.oci_core_subnet.public_subnet",
            "module.network.oci_core_vcn.vcn"
          ]
        }
      ]
    },
    {
      "module": "module.jump-server",
      "mode": "data",
      "type": "oci_core_images",
      "name": "ImageOCID",
      "provider": "provider[\"registry.terraform.io/hashicorp/oci\"]",
      "instances": [
        {
          "schema_version": 0,
          "attributes": {
            "compartment_id": "ocid1.compartment.oc1..aaaaaaaafqqzlp3q7hinidlksbhanwlw7trv74sv6tkbympy72a5kmyui6eq",
            "display_name": null,
            "filter": null,
            "id": "CoreImagesDataSource-3042959104",
            "images": [
              {
                "agent_features": [],
                "base_image_id": "",
                "billable_size_in_gbs": "4",
                "compartment_id": "",
                "create_image_allowed": true,
                "defined_tags": {},
                "display_name": "Oracle-Linux-7.9-2022.10.04-0",
                "freeform_tags": {},
                "id": "ocid1.image.oc1.phx.aaaaaaaajnmlrissxtk5ssava7b7wsbhr27bfs2e4jr7we4vlzvkm6oc45nq",
                "image_source_details": [],
                "instance_id": "",
                "launch_mode": "NATIVE",
                "launch_options": [
                  {
                    "boot_volume_type": "PARAVIRTUALIZED",
                    "firmware": "UEFI_64",
                    "is_consistent_volume_naming_enabled": true,
                    "is_pv_encryption_in_transit_enabled": true,
                    "network_type": "PARAVIRTUALIZED",
                    "remote_data_volume_type": "PARAVIRTUALIZED"
                  }
                ],
                "listing_type": "",
                "operating_system": "Oracle Linux",
                "operating_system_version": "7.9",
                "size_in_mbs": "47694",
                "state": "AVAILABLE",
                "time_created": "2022-10-24 19:38:25.2 +0000 UTC"
              },
              {
                "agent_features": [],
                "base_image_id": "",
                "billable_size_in_gbs": "4",
                "compartment_id": "",
                "create_image_allowed": true,
                "defined_tags": {},
                "display_name": "Oracle-Linux-7.9-2022.08.29-0",
                "freeform_tags": {},
                "id": "ocid1.image.oc1.phx.aaaaaaaarwfgsize6qhn6sckdy6xtv2pepgtqup5lbekii7effdqcm4h4rfa",
                "image_source_details": [],
                "instance_id": "",
                "launch_mode": "NATIVE",
                "launch_options": [
                  {
                    "boot_volume_type": "PARAVIRTUALIZED",
                    "firmware": "UEFI_64",
                    "is_consistent_volume_naming_enabled": true,
                    "is_pv_encryption_in_transit_enabled": true,
                    "network_type": "PARAVIRTUALIZED",
                    "remote_data_volume_type": "PARAVIRTUALIZED"
                  }
                ],
                "listing_type": "",
                "operating_system": "Oracle Linux",
                "operating_system_version": "7.9",
                "size_in_mbs": "47694",
                "state": "AVAILABLE",
                "time_created": "2022-09-05 05:24:13.77 +0000 UTC"
              },
              {
                "agent_features": [],
                "base_image_id": "",
                "billable_size_in_gbs": "4",
                "compartment_id": "",
                "create_image_allowed": true,
                "defined_tags": {},
                "display_name": "Oracle-Linux-7.9-2022.08.08-0",
                "freeform_tags": {},
                "id": "ocid1.image.oc1.phx.aaaaaaaantzyzlscyvsc4zr6mxuo2m3eyejb3mh7d7xtaddttpdolih352ia",
                "image_source_details": [],
                "instance_id": "",
                "launch_mode": "NATIVE",
                "launch_options": [
                  {
                    "boot_volume_type": "PARAVIRTUALIZED",
                    "firmware": "UEFI_64",
                    "is_consistent_volume_naming_enabled": true,
                    "is_pv_encryption_in_transit_enabled": true,
                    "network_type": "PARAVIRTUALIZED",
                    "remote_data_volume_type": "PARAVIRTUALIZED"
                  }
                ],
                "listing_type": "",
                "operating_system": "Oracle Linux",
                "operating_system_version": "7.9",
                "size_in_mbs": "47694",
                "state": "AVAILABLE",
                "time_created": "2022-08-10 06:46:51.483 +0000 UTC"
              }
            ],
            "operating_system": "Oracle Linux",
            "operating_system_version": "7.9",
            "shape": "VM.Standard.E4.Flex",
            "sort_by": null,
            "sort_order": null,
            "state": null
          },
          "sensitive_attributes": []
        }
      ]
    },
    {
      "module": "module.jump-server",
      "mode": "managed",
      "type": "oci_core_instance",
      "name": "instance",
      "provider": "provider[\"registry.terraform.io/hashicorp/oci\"]",
      "instances": [
        {
          "schema_version": 0,
          "attributes": {
            "agent_config": [
              {
                "are_all_plugins_disabled": false,
                "is_management_disabled": false,
                "is_monitoring_disabled": false,
                "plugins_config": []
              }
            ],
            "async": null,
            "availability_config": [
              {
                "is_live_migration_preferred": false,
                "recovery_action": "RESTORE_INSTANCE"
              }
            ],
            "availability_domain": "kZAQ:PHX-AD-1",
            "boot_volume_id": "ocid1.bootvolume.oc1.phx.abyhqljt4fwqvu7nmm3wmvykcfh2fksw66ivbsfkmyxwqdtpf4a3qpto7w3q",
            "capacity_reservation_id": null,
            "compartment_id": "ocid1.compartment.oc1..aaaaaaaafqqzlp3q7hinidlksbhanwlw7trv74sv6tkbympy72a5kmyui6eq",
            "create_vnic_details": [
              {
                "assign_private_dns_record": false,
                "assign_public_ip": "true",
                "defined_tags": {
                  "DynamicGroup.InstancePrincipal": "Enabled",
                  "Oracle-Tags.CreatedBy": "oracleidentitycloudservice/michael.prestin@oracle.com",
                  "Oracle-Tags.CreatedOn": "2022-11-09T23:35:11.903Z"
                },
                "display_name": "jump-server",
                "freeform_tags": {},
                "hostname_label": "jump-server",
                "nsg_ids": null,
                "private_ip": "10.0.100.52",
                "skip_source_dest_check": false,
                "subnet_id": "ocid1.subnet.oc1.phx.aaaaaaaaqc3lniajhx3adshgfit6meanfjefev2r6fex26oys6dhta4eoida",
                "vlan_id": ""
              }
            ],
            "dedicated_vm_host_id": null,
            "defined_tags": {
              "DynamicGroup.InstancePrincipal": "Enabled",
              "Oracle-Tags.CreatedBy": "oracleidentitycloudservice/michael.prestin@oracle.com",
              "Oracle-Tags.CreatedOn": "2022-11-09T23:35:11.549Z"
            },
            "display_name": "jump-server",
            "extended_metadata": null,
            "fault_domain": "FAULT-DOMAIN-3",
            "freeform_tags": {},
            "hostname_label": "jump-server",
            "id": "ocid1.instance.oc1.phx.anyhqljtxkh5s6icxsp7psrtxxzashgsp4j75c5623vowmijcys5b5yodx6q",
            "image": "ocid1.image.oc1.phx.aaaaaaaajnmlrissxtk5ssava7b7wsbhr27bfs2e4jr7we4vlzvkm6oc45nq",
            "instance_options": [
              {
                "are_legacy_imds_endpoints_disabled": false
              }
            ],
            "ipxe_script": null,
            "is_pv_encryption_in_transit_enabled": null,
            "launch_mode": "PARAVIRTUALIZED",
            "launch_options": [
              {
                "boot_volume_type": "PARAVIRTUALIZED",
                "firmware": "UEFI_64",
                "is_consistent_volume_naming_enabled": true,
                "is_pv_encryption_in_transit_enabled": false,
                "network_type": "PARAVIRTUALIZED",
                "remote_data_volume_type": "PARAVIRTUALIZED"
              }
            ],
            "metadata": {
              "ssh_authorized_keys": "ssh-rsa AAAAB3NzaC1yc2EAAAADAQABAAABAQDHgcTjPGpi3dTPfCoi/YHsJhtelf1I8M+aCeZ+Ku8QfyFLWwsSCnw4P/9a4+DmeswI/uf4MeERg1NZd+gm0i0QSeT4+bR0pOpGT96IaVZ1jo+CAA2svSRmQEx+VwPAtfcyIaz3mPITZuQdEKwWutE1XKT18GNoCkfabe0LSiKW5ChO1Gn/Q1Pv2K9DNREZUL7euNf6oz6PySK7d8hc1/+rj1r0d3XDtcBUFMbMd0arE6sJ0CSeNfVyQOjVNoFX79EvA4UtDR5BO8IBQ2f2IC+HxJ05C/wKS2e6xXxjfJquWKefd7f5fFtw/zUs/aKyutcQRq3mAPgHdnaQ+/G/Lg+B\n",
              "user_data": "IyEvYmluL2Jhc2gK"
            },
            "platform_config": [],
            "preemptible_instance_config": [],
            "preserve_boot_volume": null,
            "private_ip": "10.0.100.52",
            "public_ip": "144.24.45.110",
            "region": "phx",
            "shape": "VM.Standard.E4.Flex",
            "shape_config": [
              {
                "baseline_ocpu_utilization": "",
                "gpu_description": "",
                "gpus": 0,
                "local_disk_description": "",
                "local_disks": 0,
                "local_disks_total_size_in_gbs": 0,
                "max_vnic_attachments": 2,
                "memory_in_gbs": 10,
                "networking_bandwidth_in_gbps": 1,
                "nvmes": 0,
                "ocpus": 1,
                "processor_description": "2.55 GHz AMD EPYC™ 7J13 (Milan)"
              }
            ],
            "source_details": [
              {
                "boot_volume_size_in_gbs": "47",
                "boot_volume_vpus_per_gb": "10",
                "kms_key_id": "",
                "source_id": "ocid1.image.oc1.phx.aaaaaaaajnmlrissxtk5ssava7b7wsbhr27bfs2e4jr7we4vlzvkm6oc45nq",
                "source_type": "image"
              }
            ],
            "state": "RUNNING",
            "subnet_id": "ocid1.subnet.oc1.phx.aaaaaaaaqc3lniajhx3adshgfit6meanfjefev2r6fex26oys6dhta4eoida",
            "system_tags": {},
            "time_created": "2022-11-09 23:35:12.492 +0000 UTC",
            "time_maintenance_reboot_due": "",
            "timeouts": null
          },
          "sensitive_attributes": [],
          "private": "eyJlMmJmYjczMC1lY2FhLTExZTYtOGY4OC0zNDM2M2JjN2M0YzAiOnsiY3JlYXRlIjoyNzAwMDAwMDAwMDAwLCJkZWxldGUiOjQ1MDAwMDAwMDAwMDAsInVwZGF0ZSI6MjcwMDAwMDAwMDAwMH19",
          "dependencies": [
            "data.oci_identity_availability_domain.ad",
            "module.jump-server.data.oci_core_images.ImageOCID",
            "module.network.data.oci_core_services.net_services",
            "module.network.oci_core_internet_gateway.internet_gateway",
            "module.network.oci_core_nat_gateway.nat_gateway",
            "module.network.oci_core_route_table.private_subnet_route_table",
            "module.network.oci_core_route_table.public_subnet_route_table",
            "module.network.oci_core_security_list.private_subnet_securitylist",
            "module.network.oci_core_security_list.public_subnet_securitylist",
            "module.network.oci_core_service_gateway.service_gateway",
            "module.network.oci_core_subnet.private_subnet",
            "module.network.oci_core_subnet.public_subnet",
            "module.network.oci_core_vcn.vcn",
            "tls_private_key.ssh_key"
          ]
        }
      ]
    },
    {
      "module": "module.network",
      "mode": "data",
      "type": "oci_core_services",
      "name": "net_services",
      "provider": "provider[\"registry.terraform.io/hashicorp/oci\"]",
      "instances": [
        {
          "schema_version": 0,
          "attributes": {
            "filter": [
              {
                "name": "name",
                "regex": true,
                "values": [
                  "All .* Services In Oracle Services Network"
                ]
              }
            ],
            "id": "CoreServicesDataSource-0",
            "services": [
              {
                "cidr_block": "all-phx-services-in-oracle-services-network",
                "description": "All PHX Services In Oracle Services Network",
                "id": "ocid1.service.oc1.phx.aaaaaaaasgvxtsqcj2jkt2xppos637xym4ab5qqqptgwjd4guj7v3d26t7oa",
                "name": "All PHX Services In Oracle Services Network"
              }
            ]
          },
          "sensitive_attributes": []
        }
      ]
    },
    {
      "module": "module.network",
      "mode": "managed",
      "type": "oci_core_internet_gateway",
      "name": "internet_gateway",
      "provider": "provider[\"registry.terraform.io/hashicorp/oci\"]",
      "instances": [
        {
          "index_key": 0,
          "schema_version": 0,
          "attributes": {
            "compartment_id": "ocid1.compartment.oc1..aaaaaaaafqqzlp3q7hinidlksbhanwlw7trv74sv6tkbympy72a5kmyui6eq",
            "defined_tags": {
              "DynamicGroup.InstancePrincipal": "Enabled",
              "Oracle-Tags.CreatedBy": "oracleidentitycloudservice/michael.prestin@oracle.com",
              "Oracle-Tags.CreatedOn": "2022-11-09T23:35:01.038Z"
            },
            "display_name": "IGW",
            "enabled": true,
            "freeform_tags": {},
            "id": "ocid1.internetgateway.oc1.phx.aaaaaaaau6otw7u3djjb6lemmtndownwze7mglfmvojgjphavigohjvqkxcq",
            "route_table_id": null,
            "state": "AVAILABLE",
            "time_created": "2022-11-09 23:35:01.275 +0000 UTC",
            "timeouts": null,
            "vcn_id": "ocid1.vcn.oc1.phx.amaaaaaaxkh5s6iatxrbcgnid3k5lba6rfskmnxgbaja3st7hzj2td76b6aa"
          },
          "sensitive_attributes": [],
          "private": "eyJlMmJmYjczMC1lY2FhLTExZTYtOGY4OC0zNDM2M2JjN2M0YzAiOnsiY3JlYXRlIjoxMjAwMDAwMDAwMDAwLCJkZWxldGUiOjEyMDAwMDAwMDAwMDAsInVwZGF0ZSI6MTIwMDAwMDAwMDAwMH19",
          "dependencies": [
            "module.network.oci_core_vcn.vcn"
          ]
        }
      ]
    },
    {
      "module": "module.network",
      "mode": "managed",
      "type": "oci_core_nat_gateway",
      "name": "nat_gateway",
      "provider": "provider[\"registry.terraform.io/hashicorp/oci\"]",
      "instances": [
        {
          "index_key": 0,
          "schema_version": 0,
          "attributes": {
            "block_traffic": false,
            "compartment_id": "ocid1.compartment.oc1..aaaaaaaafqqzlp3q7hinidlksbhanwlw7trv74sv6tkbympy72a5kmyui6eq",
            "defined_tags": {
              "DynamicGroup.InstancePrincipal": "Enabled",
              "Oracle-Tags.CreatedBy": "oracleidentitycloudservice/michael.prestin@oracle.com",
              "Oracle-Tags.CreatedOn": "2022-11-09T23:35:01.605Z"
            },
            "display_name": "NATGW",
            "freeform_tags": {},
            "id": "ocid1.natgateway.oc1.phx.aaaaaaaaqijoudqk2eqox4mihjc3bqf5zkxww7usz33uj2twdnx3drknfz4q",
            "nat_ip": "141.148.160.210",
            "public_ip_id": "ocid1.publicip.oc1.phx.aaaaaaaae3fvhtelihe7pmnbhe3odsnptqlfoo4h4pfmvd6zertyfycfy7tq",
            "route_table_id": null,
            "state": "AVAILABLE",
            "time_created": "2022-11-09 23:35:02.143 +0000 UTC",
            "timeouts": null,
            "vcn_id": "ocid1.vcn.oc1.phx.amaaaaaaxkh5s6iatxrbcgnid3k5lba6rfskmnxgbaja3st7hzj2td76b6aa"
          },
          "sensitive_attributes": [],
          "private": "eyJlMmJmYjczMC1lY2FhLTExZTYtOGY4OC0zNDM2M2JjN2M0YzAiOnsiY3JlYXRlIjoxMjAwMDAwMDAwMDAwLCJkZWxldGUiOjEyMDAwMDAwMDAwMDAsInVwZGF0ZSI6MTIwMDAwMDAwMDAwMH19",
          "dependencies": [
            "module.network.oci_core_vcn.vcn"
          ]
        }
      ]
    },
    {
      "module": "module.network",
      "mode": "managed",
      "type": "oci_core_route_table",
      "name": "private_subnet_route_table",
      "provider": "provider[\"registry.terraform.io/hashicorp/oci\"]",
      "instances": [
        {
          "index_key": 0,
          "schema_version": 0,
          "attributes": {
            "compartment_id": "ocid1.compartment.oc1..aaaaaaaafqqzlp3q7hinidlksbhanwlw7trv74sv6tkbympy72a5kmyui6eq",
            "defined_tags": {
              "DynamicGroup.InstancePrincipal": "Enabled",
              "Oracle-Tags.CreatedBy": "oracleidentitycloudservice/michael.prestin@oracle.com",
              "Oracle-Tags.CreatedOn": "2022-11-09T23:35:06.634Z"
            },
            "display_name": "PrivateSubnetRouteTable",
            "freeform_tags": {},
            "id": "ocid1.routetable.oc1.phx.aaaaaaaaz4f2gt2qqbiqzqi273uhclwlaguth6pnqotybcvnrahyjtuhvcoa",
            "route_rules": [
              {
                "cidr_block": "",
                "description": "",
                "destination": "0.0.0.0/0",
                "destination_type": "CIDR_BLOCK",
                "network_entity_id": "ocid1.natgateway.oc1.phx.aaaaaaaaqijoudqk2eqox4mihjc3bqf5zkxww7usz33uj2twdnx3drknfz4q",
                "route_type": ""
              },
              {
                "cidr_block": "",
                "description": "",
                "destination": "all-phx-services-in-oracle-services-network",
                "destination_type": "SERVICE_CIDR_BLOCK",
                "network_entity_id": "ocid1.servicegateway.oc1.phx.aaaaaaaaunjg2clu66xbh6qiaj6xxsuuwqny7vo23dpg6air6wwmqfnofz3q",
                "route_type": ""
              }
            ],
            "state": "AVAILABLE",
            "time_created": "2022-11-09 23:35:06.707 +0000 UTC",
            "timeouts": null,
            "vcn_id": "ocid1.vcn.oc1.phx.amaaaaaaxkh5s6iatxrbcgnid3k5lba6rfskmnxgbaja3st7hzj2td76b6aa"
          },
          "sensitive_attributes": [],
          "private": "eyJlMmJmYjczMC1lY2FhLTExZTYtOGY4OC0zNDM2M2JjN2M0YzAiOnsiY3JlYXRlIjoxMjAwMDAwMDAwMDAwLCJkZWxldGUiOjEyMDAwMDAwMDAwMDAsInVwZGF0ZSI6MTIwMDAwMDAwMDAwMH19",
          "dependencies": [
            "module.network.data.oci_core_services.net_services",
            "module.network.oci_core_nat_gateway.nat_gateway",
            "module.network.oci_core_service_gateway.service_gateway",
            "module.network.oci_core_vcn.vcn"
          ]
        }
      ]
    },
    {
      "module": "module.network",
      "mode": "managed",
      "type": "oci_core_route_table",
      "name": "public_subnet_route_table",
      "provider": "provider[\"registry.terraform.io/hashicorp/oci\"]",
      "instances": [
        {
          "index_key": 0,
          "schema_version": 0,
          "attributes": {
            "compartment_id": "ocid1.compartment.oc1..aaaaaaaafqqzlp3q7hinidlksbhanwlw7trv74sv6tkbympy72a5kmyui6eq",
            "defined_tags": {
              "DynamicGroup.InstancePrincipal": "Enabled",
              "Oracle-Tags.CreatedBy": "oracleidentitycloudservice/michael.prestin@oracle.com",
              "Oracle-Tags.CreatedOn": "2022-11-09T23:35:02.815Z"
            },
            "display_name": "PublicSubnetRouteTable",
            "freeform_tags": {},
            "id": "ocid1.routetable.oc1.phx.aaaaaaaad3sb633qocc6jwlb6vmpjpmq3ummp76izpnedwx7e4ifuyeuuijq",
            "route_rules": [
              {
                "cidr_block": "",
                "description": "",
                "destination": "0.0.0.0/0",
                "destination_type": "CIDR_BLOCK",
                "network_entity_id": "ocid1.internetgateway.oc1.phx.aaaaaaaau6otw7u3djjb6lemmtndownwze7mglfmvojgjphavigohjvqkxcq",
                "route_type": ""
              }
            ],
            "state": "AVAILABLE",
            "time_created": "2022-11-09 23:35:02.845 +0000 UTC",
            "timeouts": null,
            "vcn_id": "ocid1.vcn.oc1.phx.amaaaaaaxkh5s6iatxrbcgnid3k5lba6rfskmnxgbaja3st7hzj2td76b6aa"
          },
          "sensitive_attributes": [],
          "private": "eyJlMmJmYjczMC1lY2FhLTExZTYtOGY4OC0zNDM2M2JjN2M0YzAiOnsiY3JlYXRlIjoxMjAwMDAwMDAwMDAwLCJkZWxldGUiOjEyMDAwMDAwMDAwMDAsInVwZGF0ZSI6MTIwMDAwMDAwMDAwMH19",
          "dependencies": [
            "module.network.oci_core_internet_gateway.internet_gateway",
            "module.network.oci_core_vcn.vcn"
          ]
        }
      ]
    },
    {
      "module": "module.network",
      "mode": "managed",
      "type": "oci_core_security_list",
      "name": "private_subnet_securitylist",
      "provider": "provider[\"registry.terraform.io/hashicorp/oci\"]",
      "instances": [
        {
          "index_key": 0,
          "schema_version": 0,
          "attributes": {
            "compartment_id": "ocid1.compartment.oc1..aaaaaaaafqqzlp3q7hinidlksbhanwlw7trv74sv6tkbympy72a5kmyui6eq",
            "defined_tags": {
              "DynamicGroup.InstancePrincipal": "Enabled",
              "Oracle-Tags.CreatedBy": "oracleidentitycloudservice/michael.prestin@oracle.com",
              "Oracle-Tags.CreatedOn": "2022-11-09T23:35:01.032Z"
            },
            "display_name": "PrivateSubnetSecurityList",
            "egress_security_rules": [
              {
                "description": "",
                "destination": "0.0.0.0/0",
                "destination_type": "CIDR_BLOCK",
                "icmp_options": [],
                "protocol": "all",
                "stateless": false,
                "tcp_options": [],
                "udp_options": []
              }
            ],
            "freeform_tags": {},
            "id": "ocid1.securitylist.oc1.phx.aaaaaaaatbro5fuyvvpi4imbdewntwtd74qffwbh4acahbvod65paw7f32aq",
            "ingress_security_rules": [
              {
                "description": "",
                "icmp_options": [],
                "protocol": "6",
                "source": "0.0.0.0/0",
                "source_type": "CIDR_BLOCK",
                "stateless": false,
                "tcp_options": [
                  {
                    "max": 22,
                    "min": 22,
                    "source_port_range": []
                  }
                ],
                "udp_options": []
              },
              {
                "description": "",
                "icmp_options": [],
                "protocol": "6",
                "source": "0.0.0.0/0",
                "source_type": "CIDR_BLOCK",
                "stateless": false,
                "tcp_options": [
                  {
                    "max": 3389,
                    "min": 3389,
                    "source_port_range": []
                  }
                ],
                "udp_options": []
              }
            ],
            "state": "AVAILABLE",
            "time_created": "2022-11-09 23:35:01.083 +0000 UTC",
            "timeouts": null,
            "vcn_id": "ocid1.vcn.oc1.phx.amaaaaaaxkh5s6iatxrbcgnid3k5lba6rfskmnxgbaja3st7hzj2td76b6aa"
          },
          "sensitive_attributes": [],
          "private": "eyJlMmJmYjczMC1lY2FhLTExZTYtOGY4OC0zNDM2M2JjN2M0YzAiOnsiY3JlYXRlIjoxMjAwMDAwMDAwMDAwLCJkZWxldGUiOjEyMDAwMDAwMDAwMDAsInVwZGF0ZSI6MTIwMDAwMDAwMDAwMH19",
          "dependencies": [
            "module.network.oci_core_vcn.vcn"
          ]
        }
      ]
    },
    {
      "module": "module.network",
      "mode": "managed",
      "type": "oci_core_security_list",
      "name": "public_subnet_securitylist",
      "provider": "provider[\"registry.terraform.io/hashicorp/oci\"]",
      "instances": [
        {
          "index_key": 0,
          "schema_version": 0,
          "attributes": {
            "compartment_id": "ocid1.compartment.oc1..aaaaaaaafqqzlp3q7hinidlksbhanwlw7trv74sv6tkbympy72a5kmyui6eq",
            "defined_tags": {
              "DynamicGroup.InstancePrincipal": "Enabled",
              "Oracle-Tags.CreatedBy": "oracleidentitycloudservice/michael.prestin@oracle.com",
              "Oracle-Tags.CreatedOn": "2022-11-09T23:35:01.206Z"
            },
            "display_name": "PublicSubnetSecurityList",
            "egress_security_rules": [
              {
                "description": "",
                "destination": "0.0.0.0/0",
                "destination_type": "CIDR_BLOCK",
                "icmp_options": [],
                "protocol": "all",
                "stateless": false,
                "tcp_options": [],
                "udp_options": []
              }
            ],
            "freeform_tags": {},
            "id": "ocid1.securitylist.oc1.phx.aaaaaaaajubfk5hymojfvsbjzhypxojabxknnvcyevohl6egqwxct7j7poza",
            "ingress_security_rules": [
              {
                "description": "",
                "icmp_options": [],
                "protocol": "6",
                "source": "0.0.0.0/0",
                "source_type": "CIDR_BLOCK",
                "stateless": false,
                "tcp_options": [
                  {
                    "max": 22,
                    "min": 22,
                    "source_port_range": []
                  }
                ],
                "udp_options": []
              }
            ],
            "state": "AVAILABLE",
            "time_created": "2022-11-09 23:35:01.398 +0000 UTC",
            "timeouts": null,
            "vcn_id": "ocid1.vcn.oc1.phx.amaaaaaaxkh5s6iatxrbcgnid3k5lba6rfskmnxgbaja3st7hzj2td76b6aa"
          },
          "sensitive_attributes": [],
          "private": "eyJlMmJmYjczMC1lY2FhLTExZTYtOGY4OC0zNDM2M2JjN2M0YzAiOnsiY3JlYXRlIjoxMjAwMDAwMDAwMDAwLCJkZWxldGUiOjEyMDAwMDAwMDAwMDAsInVwZGF0ZSI6MTIwMDAwMDAwMDAwMH19",
          "dependencies": [
            "module.network.oci_core_vcn.vcn"
          ]
        }
      ]
    },
    {
      "module": "module.network",
      "mode": "managed",
      "type": "oci_core_service_gateway",
      "name": "service_gateway",
      "provider": "provider[\"registry.terraform.io/hashicorp/oci\"]",
      "instances": [
        {
          "index_key": 0,
          "schema_version": 0,
          "attributes": {
            "block_traffic": false,
            "compartment_id": "ocid1.compartment.oc1..aaaaaaaafqqzlp3q7hinidlksbhanwlw7trv74sv6tkbympy72a5kmyui6eq",
            "defined_tags": {
              "DynamicGroup.InstancePrincipal": "Enabled",
              "Oracle-Tags.CreatedBy": "oracleidentitycloudservice/michael.prestin@oracle.com",
              "Oracle-Tags.CreatedOn": "2022-11-09T23:35:00.818Z"
            },
            "display_name": "SVCGW",
            "freeform_tags": {},
            "id": "ocid1.servicegateway.oc1.phx.aaaaaaaaunjg2clu66xbh6qiaj6xxsuuwqny7vo23dpg6air6wwmqfnofz3q",
            "route_table_id": null,
            "services": [
              {
                "service_id": "ocid1.service.oc1.phx.aaaaaaaasgvxtsqcj2jkt2xppos637xym4ab5qqqptgwjd4guj7v3d26t7oa",
                "service_name": "All PHX Services In Oracle Services Network"
              }
            ],
            "state": "AVAILABLE",
            "time_created": "2022-11-09 23:35:02.159 +0000 UTC",
            "timeouts": null,
            "vcn_id": "ocid1.vcn.oc1.phx.amaaaaaaxkh5s6iatxrbcgnid3k5lba6rfskmnxgbaja3st7hzj2td76b6aa"
          },
          "sensitive_attributes": [],
          "private": "eyJlMmJmYjczMC1lY2FhLTExZTYtOGY4OC0zNDM2M2JjN2M0YzAiOnsiY3JlYXRlIjoxMjAwMDAwMDAwMDAwLCJkZWxldGUiOjEyMDAwMDAwMDAwMDAsInVwZGF0ZSI6MTIwMDAwMDAwMDAwMH19",
          "dependencies": [
            "module.network.data.oci_core_services.net_services",
            "module.network.oci_core_vcn.vcn"
          ]
        }
      ]
    },
    {
      "module": "module.network",
      "mode": "managed",
      "type": "oci_core_subnet",
      "name": "private_subnet",
      "provider": "provider[\"registry.terraform.io/hashicorp/oci\"]",
      "instances": [
        {
          "index_key": 0,
          "schema_version": 0,
          "attributes": {
            "availability_domain": null,
            "cidr_block": "10.0.1.0/24",
            "compartment_id": "ocid1.compartment.oc1..aaaaaaaafqqzlp3q7hinidlksbhanwlw7trv74sv6tkbympy72a5kmyui6eq",
            "defined_tags": {
              "DynamicGroup.InstancePrincipal": "Enabled",
              "Oracle-Tags.CreatedBy": "oracleidentitycloudservice/michael.prestin@oracle.com",
              "Oracle-Tags.CreatedOn": "2022-11-09T23:35:03.833Z"
            },
            "dhcp_options_id": "ocid1.dhcpoptions.oc1.phx.aaaaaaaayhsizgpzya3lpfv7xzmo67pgyzo36cjnzgzh4dcmatvt7c7f3avq",
            "display_name": "PrivateSubnet",
            "dns_label": "privatesubnet",
            "freeform_tags": {},
            "id": "ocid1.subnet.oc1.phx.aaaaaaaa5j7yovn47b3h5yexbqcqf4svjp3kzrm7kt734zygpjb44p563blq",
            "ipv6cidr_block": null,
            "ipv6cidr_blocks": [],
            "ipv6virtual_router_ip": null,
            "prohibit_internet_ingress": true,
            "prohibit_public_ip_on_vnic": true,
            "route_table_id": "ocid1.routetable.oc1.phx.aaaaaaaaz4f2gt2qqbiqzqi273uhclwlaguth6pnqotybcvnrahyjtuhvcoa",
            "security_list_ids": [
              "ocid1.securitylist.oc1.phx.aaaaaaaatbro5fuyvvpi4imbdewntwtd74qffwbh4acahbvod65paw7f32aq"
            ],
            "state": "AVAILABLE",
            "subnet_domain_name": "privatesubnet.demovcn.oraclevcn.com",
            "time_created": "2022-11-09 23:35:08.323 +0000 UTC",
            "timeouts": null,
            "vcn_id": "ocid1.vcn.oc1.phx.amaaaaaaxkh5s6iatxrbcgnid3k5lba6rfskmnxgbaja3st7hzj2td76b6aa",
            "virtual_router_ip": "10.0.1.1",
            "virtual_router_mac": "00:00:17:92:CA:F6"
          },
          "sensitive_attributes": [],
          "private": "eyJlMmJmYjczMC1lY2FhLTExZTYtOGY4OC0zNDM2M2JjN2M0YzAiOnsiY3JlYXRlIjoxMjAwMDAwMDAwMDAwLCJkZWxldGUiOjEyMDAwMDAwMDAwMDAsInVwZGF0ZSI6MTIwMDAwMDAwMDAwMH19",
          "dependencies": [
            "module.network.data.oci_core_services.net_services",
            "module.network.oci_core_nat_gateway.nat_gateway",
            "module.network.oci_core_route_table.private_subnet_route_table",
            "module.network.oci_core_security_list.private_subnet_securitylist",
            "module.network.oci_core_service_gateway.service_gateway",
            "module.network.oci_core_vcn.vcn"
          ]
        }
      ]
    },
    {
      "module": "module.network",
      "mode": "managed",
      "type": "oci_core_subnet",
      "name": "public_subnet",
      "provider": "provider[\"registry.terraform.io/hashicorp/oci\"]",
      "instances": [
        {
          "index_key": 0,
          "schema_version": 0,
          "attributes": {
            "availability_domain": null,
            "cidr_block": "10.0.100.0/24",
            "compartment_id": "ocid1.compartment.oc1..aaaaaaaafqqzlp3q7hinidlksbhanwlw7trv74sv6tkbympy72a5kmyui6eq",
            "defined_tags": {
              "DynamicGroup.InstancePrincipal": "Enabled",
              "Oracle-Tags.CreatedBy": "oracleidentitycloudservice/michael.prestin@oracle.com",
              "Oracle-Tags.CreatedOn": "2022-11-09T23:35:03.833Z"
            },
            "dhcp_options_id": "ocid1.dhcpoptions.oc1.phx.aaaaaaaayhsizgpzya3lpfv7xzmo67pgyzo36cjnzgzh4dcmatvt7c7f3avq",
            "display_name": "PublicSubnet",
            "dns_label": "publicsubnet",
            "freeform_tags": {},
            "id": "ocid1.subnet.oc1.phx.aaaaaaaaqc3lniajhx3adshgfit6meanfjefev2r6fex26oys6dhta4eoida",
            "ipv6cidr_block": null,
            "ipv6cidr_blocks": [],
            "ipv6virtual_router_ip": null,
            "prohibit_internet_ingress": false,
            "prohibit_public_ip_on_vnic": false,
            "route_table_id": "ocid1.routetable.oc1.phx.aaaaaaaad3sb633qocc6jwlb6vmpjpmq3ummp76izpnedwx7e4ifuyeuuijq",
            "security_list_ids": [
              "ocid1.securitylist.oc1.phx.aaaaaaaajubfk5hymojfvsbjzhypxojabxknnvcyevohl6egqwxct7j7poza"
            ],
            "state": "AVAILABLE",
            "subnet_domain_name": "publicsubnet.demovcn.oraclevcn.com",
            "time_created": "2022-11-09 23:35:03.92 +0000 UTC",
            "timeouts": null,
            "vcn_id": "ocid1.vcn.oc1.phx.amaaaaaaxkh5s6iatxrbcgnid3k5lba6rfskmnxgbaja3st7hzj2td76b6aa",
            "virtual_router_ip": "10.0.100.1",
            "virtual_router_mac": "00:00:17:92:CA:F6"
          },
          "sensitive_attributes": [],
          "private": "eyJlMmJmYjczMC1lY2FhLTExZTYtOGY4OC0zNDM2M2JjN2M0YzAiOnsiY3JlYXRlIjoxMjAwMDAwMDAwMDAwLCJkZWxldGUiOjEyMDAwMDAwMDAwMDAsInVwZGF0ZSI6MTIwMDAwMDAwMDAwMH19",
          "dependencies": [
            "module.network.oci_core_internet_gateway.internet_gateway",
            "module.network.oci_core_route_table.public_subnet_route_table",
            "module.network.oci_core_security_list.public_subnet_securitylist",
            "module.network.oci_core_vcn.vcn"
          ]
        }
      ]
    },
    {
      "module": "module.network",
      "mode": "managed",
      "type": "oci_core_vcn",
      "name": "vcn",
      "provider": "provider[\"registry.terraform.io/hashicorp/oci\"]",
      "instances": [
        {
          "index_key": 0,
          "schema_version": 0,
          "attributes": {
            "byoipv6cidr_blocks": [],
            "byoipv6cidr_details": null,
            "cidr_block": "10.0.0.0/16",
            "cidr_blocks": [
              "10.0.0.0/16"
            ],
            "compartment_id": "ocid1.compartment.oc1..aaaaaaaafqqzlp3q7hinidlksbhanwlw7trv74sv6tkbympy72a5kmyui6eq",
            "default_dhcp_options_id": "ocid1.dhcpoptions.oc1.phx.aaaaaaaayhsizgpzya3lpfv7xzmo67pgyzo36cjnzgzh4dcmatvt7c7f3avq",
            "default_route_table_id": "ocid1.routetable.oc1.phx.aaaaaaaab5dakk5qfav52uukk3h45k7sqwtqnpgtunjmr55oyo3zxvypyzcq",
            "default_security_list_id": "ocid1.securitylist.oc1.phx.aaaaaaaarquthaitwm7zbamzxhhacucvzgxqnoae4lxwdq653p2rd2gfxbka",
            "defined_tags": {
              "DynamicGroup.InstancePrincipal": "Enabled",
              "Oracle-Tags.CreatedBy": "oracleidentitycloudservice/michael.prestin@oracle.com",
              "Oracle-Tags.CreatedOn": "2022-11-09T23:34:59.330Z"
            },
            "display_name": "demovcn",
            "dns_label": "demovcn",
            "freeform_tags": {},
            "id": "ocid1.vcn.oc1.phx.amaaaaaaxkh5s6iatxrbcgnid3k5lba6rfskmnxgbaja3st7hzj2td76b6aa",
            "ipv6cidr_blocks": [],
            "ipv6private_cidr_blocks": [],
            "is_ipv6enabled": false,
            "is_oracle_gua_allocation_enabled": null,
            "state": "AVAILABLE",
            "time_created": "2022-11-09 23:34:59.496 +0000 UTC",
            "timeouts": null,
            "vcn_domain_name": "demovcn.oraclevcn.com"
          },
          "sensitive_attributes": [],
          "private": "eyJlMmJmYjczMC1lY2FhLTExZTYtOGY4OC0zNDM2M2JjN2M0YzAiOnsiY3JlYXRlIjoxMjAwMDAwMDAwMDAwLCJkZWxldGUiOjEyMDAwMDAwMDAwMDAsInVwZGF0ZSI6MTIwMDAwMDAwMDAwMH19"
        }
      ]
    },
    {
      "module": "module.server1",
      "mode": "data",
      "type": "oci_core_images",
      "name": "ImageOCID",
      "provider": "provider[\"registry.terraform.io/hashicorp/oci\"]",
      "instances": [
        {
          "schema_version": 0,
          "attributes": {
            "compartment_id": "ocid1.compartment.oc1..aaaaaaaafqqzlp3q7hinidlksbhanwlw7trv74sv6tkbympy72a5kmyui6eq",
            "display_name": null,
            "filter": null,
            "id": "CoreImagesDataSource-3042959104",
            "images": [
              {
                "agent_features": [],
                "base_image_id": "",
                "billable_size_in_gbs": "4",
                "compartment_id": "",
                "create_image_allowed": true,
                "defined_tags": {},
                "display_name": "Oracle-Linux-7.9-2022.10.04-0",
                "freeform_tags": {},
                "id": "ocid1.image.oc1.phx.aaaaaaaajnmlrissxtk5ssava7b7wsbhr27bfs2e4jr7we4vlzvkm6oc45nq",
                "image_source_details": [],
                "instance_id": "",
                "launch_mode": "NATIVE",
                "launch_options": [
                  {
                    "boot_volume_type": "PARAVIRTUALIZED",
                    "firmware": "UEFI_64",
                    "is_consistent_volume_naming_enabled": true,
                    "is_pv_encryption_in_transit_enabled": true,
                    "network_type": "PARAVIRTUALIZED",
                    "remote_data_volume_type": "PARAVIRTUALIZED"
                  }
                ],
                "listing_type": "",
                "operating_system": "Oracle Linux",
                "operating_system_version": "7.9",
                "size_in_mbs": "47694",
                "state": "AVAILABLE",
                "time_created": "2022-10-24 19:38:25.2 +0000 UTC"
              },
              {
                "agent_features": [],
                "base_image_id": "",
                "billable_size_in_gbs": "4",
                "compartment_id": "",
                "create_image_allowed": true,
                "defined_tags": {},
                "display_name": "Oracle-Linux-7.9-2022.08.29-0",
                "freeform_tags": {},
                "id": "ocid1.image.oc1.phx.aaaaaaaarwfgsize6qhn6sckdy6xtv2pepgtqup5lbekii7effdqcm4h4rfa",
                "image_source_details": [],
                "instance_id": "",
                "launch_mode": "NATIVE",
                "launch_options": [
                  {
                    "boot_volume_type": "PARAVIRTUALIZED",
                    "firmware": "UEFI_64",
                    "is_consistent_volume_naming_enabled": true,
                    "is_pv_encryption_in_transit_enabled": true,
                    "network_type": "PARAVIRTUALIZED",
                    "remote_data_volume_type": "PARAVIRTUALIZED"
                  }
                ],
                "listing_type": "",
                "operating_system": "Oracle Linux",
                "operating_system_version": "7.9",
                "size_in_mbs": "47694",
                "state": "AVAILABLE",
                "time_created": "2022-09-05 05:24:13.77 +0000 UTC"
              },
              {
                "agent_features": [],
                "base_image_id": "",
                "billable_size_in_gbs": "4",
                "compartment_id": "",
                "create_image_allowed": true,
                "defined_tags": {},
                "display_name": "Oracle-Linux-7.9-2022.08.08-0",
                "freeform_tags": {},
                "id": "ocid1.image.oc1.phx.aaaaaaaantzyzlscyvsc4zr6mxuo2m3eyejb3mh7d7xtaddttpdolih352ia",
                "image_source_details": [],
                "instance_id": "",
                "launch_mode": "NATIVE",
                "launch_options": [
                  {
                    "boot_volume_type": "PARAVIRTUALIZED",
                    "firmware": "UEFI_64",
                    "is_consistent_volume_naming_enabled": true,
                    "is_pv_encryption_in_transit_enabled": true,
                    "network_type": "PARAVIRTUALIZED",
                    "remote_data_volume_type": "PARAVIRTUALIZED"
                  }
                ],
                "listing_type": "",
                "operating_system": "Oracle Linux",
                "operating_system_version": "7.9",
                "size_in_mbs": "47694",
                "state": "AVAILABLE",
                "time_created": "2022-08-10 06:46:51.483 +0000 UTC"
              }
            ],
            "operating_system": "Oracle Linux",
            "operating_system_version": "7.9",
            "shape": "VM.Standard.E4.Flex",
            "sort_by": null,
            "sort_order": null,
            "state": null
          },
          "sensitive_attributes": []
        }
      ]
    },
    {
      "module": "module.server1",
      "mode": "managed",
      "type": "oci_core_instance",
      "name": "instance",
      "provider": "provider[\"registry.terraform.io/hashicorp/oci\"]",
      "instances": [
        {
          "schema_version": 0,
          "attributes": {
            "agent_config": [
              {
                "are_all_plugins_disabled": false,
                "is_management_disabled": false,
                "is_monitoring_disabled": false,
                "plugins_config": [
                  {
                    "desired_state": "ENABLED",
                    "name": "Bastion"
                  }
                ]
              }
            ],
            "async": null,
            "availability_config": [
              {
                "is_live_migration_preferred": false,
                "recovery_action": "RESTORE_INSTANCE"
              }
            ],
            "availability_domain": "kZAQ:PHX-AD-1",
            "boot_volume_id": "ocid1.bootvolume.oc1.phx.abyhqljtqlmvryivtia4svdyfxfabdyuwfdzpaurysmwk4xgceqtifgbfvvq",
            "capacity_reservation_id": null,
            "compartment_id": "ocid1.compartment.oc1..aaaaaaaafqqzlp3q7hinidlksbhanwlw7trv74sv6tkbympy72a5kmyui6eq",
            "create_vnic_details": [
              {
                "assign_private_dns_record": false,
                "assign_public_ip": "false",
                "defined_tags": {
                  "DynamicGroup.InstancePrincipal": "Enabled",
                  "Oracle-Tags.CreatedBy": "oracleidentitycloudservice/michael.prestin@oracle.com",
                  "Oracle-Tags.CreatedOn": "2022-11-09T23:35:11.959Z"
                },
                "display_name": "server1",
                "freeform_tags": {},
                "hostname_label": "server1",
                "nsg_ids": null,
                "private_ip": "10.0.1.122",
                "skip_source_dest_check": false,
                "subnet_id": "ocid1.subnet.oc1.phx.aaaaaaaa5j7yovn47b3h5yexbqcqf4svjp3kzrm7kt734zygpjb44p563blq",
                "vlan_id": ""
              }
            ],
            "dedicated_vm_host_id": null,
            "defined_tags": {
              "DynamicGroup.InstancePrincipal": "Enabled",
              "Oracle-Tags.CreatedBy": "oracleidentitycloudservice/michael.prestin@oracle.com",
              "Oracle-Tags.CreatedOn": "2022-11-09T23:35:11.773Z"
            },
            "display_name": "server1",
            "extended_metadata": null,
            "fault_domain": "FAULT-DOMAIN-3",
            "freeform_tags": {},
            "hostname_label": "server1",
            "id": "ocid1.instance.oc1.phx.anyhqljtxkh5s6icrmatczuhs2rcd5nabviqquuyc3t7b2gns7xcami4mf3a",
            "image": "ocid1.image.oc1.phx.aaaaaaaajnmlrissxtk5ssava7b7wsbhr27bfs2e4jr7we4vlzvkm6oc45nq",
            "instance_options": [
              {
                "are_legacy_imds_endpoints_disabled": false
              }
            ],
            "ipxe_script": null,
            "is_pv_encryption_in_transit_enabled": null,
            "launch_mode": "PARAVIRTUALIZED",
            "launch_options": [
              {
                "boot_volume_type": "PARAVIRTUALIZED",
                "firmware": "UEFI_64",
                "is_consistent_volume_naming_enabled": true,
                "is_pv_encryption_in_transit_enabled": false,
                "network_type": "PARAVIRTUALIZED",
                "remote_data_volume_type": "PARAVIRTUALIZED"
              }
            ],
            "metadata": {
              "ssh_authorized_keys": "ssh-rsa AAAAB3NzaC1yc2EAAAADAQABAAABAQDHgcTjPGpi3dTPfCoi/YHsJhtelf1I8M+aCeZ+Ku8QfyFLWwsSCnw4P/9a4+DmeswI/uf4MeERg1NZd+gm0i0QSeT4+bR0pOpGT96IaVZ1jo+CAA2svSRmQEx+VwPAtfcyIaz3mPITZuQdEKwWutE1XKT18GNoCkfabe0LSiKW5ChO1Gn/Q1Pv2K9DNREZUL7euNf6oz6PySK7d8hc1/+rj1r0d3XDtcBUFMbMd0arE6sJ0CSeNfVyQOjVNoFX79EvA4UtDR5BO8IBQ2f2IC+HxJ05C/wKS2e6xXxjfJquWKefd7f5fFtw/zUs/aKyutcQRq3mAPgHdnaQ+/G/Lg+B\n",
              "user_data": "IyEvYmluL2Jhc2gK"
            },
            "platform_config": [],
            "preemptible_instance_config": [],
            "preserve_boot_volume": null,
            "private_ip": "10.0.1.122",
            "public_ip": "",
            "region": "phx",
            "shape": "VM.Standard.E4.Flex",
            "shape_config": [
              {
                "baseline_ocpu_utilization": "",
                "gpu_description": "",
                "gpus": 0,
                "local_disk_description": "",
                "local_disks": 0,
                "local_disks_total_size_in_gbs": 0,
                "max_vnic_attachments": 2,
                "memory_in_gbs": 10,
                "networking_bandwidth_in_gbps": 1,
                "nvmes": 0,
                "ocpus": 1,
                "processor_description": "2.55 GHz AMD EPYC™ 7J13 (Milan)"
              }
            ],
            "source_details": [
              {
                "boot_volume_size_in_gbs": "47",
                "boot_volume_vpus_per_gb": "10",
                "kms_key_id": "",
                "source_id": "ocid1.image.oc1.phx.aaaaaaaajnmlrissxtk5ssava7b7wsbhr27bfs2e4jr7we4vlzvkm6oc45nq",
                "source_type": "image"
              }
            ],
            "state": "RUNNING",
            "subnet_id": "ocid1.subnet.oc1.phx.aaaaaaaa5j7yovn47b3h5yexbqcqf4svjp3kzrm7kt734zygpjb44p563blq",
            "system_tags": {},
            "time_created": "2022-11-09 23:35:12.641 +0000 UTC",
            "time_maintenance_reboot_due": "",
            "timeouts": null
          },
          "sensitive_attributes": [],
          "private": "eyJlMmJmYjczMC1lY2FhLTExZTYtOGY4OC0zNDM2M2JjN2M0YzAiOnsiY3JlYXRlIjoyNzAwMDAwMDAwMDAwLCJkZWxldGUiOjQ1MDAwMDAwMDAwMDAsInVwZGF0ZSI6MjcwMDAwMDAwMDAwMH19",
          "dependencies": [
            "data.oci_identity_availability_domain.ad",
            "module.network.data.oci_core_services.net_services",
            "module.network.oci_core_internet_gateway.internet_gateway",
            "module.network.oci_core_nat_gateway.nat_gateway",
            "module.network.oci_core_route_table.private_subnet_route_table",
            "module.network.oci_core_route_table.public_subnet_route_table",
            "module.network.oci_core_security_list.private_subnet_securitylist",
            "module.network.oci_core_security_list.public_subnet_securitylist",
            "module.network.oci_core_service_gateway.service_gateway",
            "module.network.oci_core_subnet.private_subnet",
            "module.network.oci_core_subnet.public_subnet",
            "module.network.oci_core_vcn.vcn",
            "module.server1.data.oci_core_images.ImageOCID",
            "tls_private_key.ssh_key"
          ]
        }
      ]
    },
    {
      "module": "module.server2",
      "mode": "data",
      "type": "oci_core_images",
      "name": "ImageOCID",
      "provider": "provider[\"registry.terraform.io/hashicorp/oci\"]",
      "instances": [
        {
          "schema_version": 0,
          "attributes": {
            "compartment_id": "ocid1.compartment.oc1..aaaaaaaafqqzlp3q7hinidlksbhanwlw7trv74sv6tkbympy72a5kmyui6eq",
            "display_name": null,
            "filter": null,
            "id": "CoreImagesDataSource-448899551",
            "images": [
              {
                "agent_features": [],
                "base_image_id": "",
                "billable_size_in_gbs": "16",
                "compartment_id": "",
                "create_image_allowed": true,
                "defined_tags": {},
                "display_name": "Windows-Server-2019-Standard-Edition-VM-2022.10.28-0",
                "freeform_tags": {},
                "id": "ocid1.image.oc1.phx.aaaaaaaa3652rbzpni7z4gesr55d5jvs3rv5kr3ayxtn46grp54foc7qg6nq",
                "image_source_details": [],
                "instance_id": "",
                "launch_mode": "CUSTOM",
                "launch_options": [
                  {
                    "boot_volume_type": "PARAVIRTUALIZED",
                    "firmware": "UEFI_64",
                    "is_consistent_volume_naming_enabled": false,
                    "is_pv_encryption_in_transit_enabled": true,
                    "network_type": "PARAVIRTUALIZED",
                    "remote_data_volume_type": "PARAVIRTUALIZED"
                  }
                ],
                "listing_type": "",
                "operating_system": "Windows",
                "operating_system_version": "Server 2019 Standard",
                "size_in_mbs": "48128",
                "state": "AVAILABLE",
                "time_created": "2022-11-08 20:02:56.619 +0000 UTC"
              },
              {
                "agent_features": [],
                "base_image_id": "",
                "billable_size_in_gbs": "19",
                "compartment_id": "",
                "create_image_allowed": true,
                "defined_tags": {},
                "display_name": "Windows-Server-2019-Standard-Edition-VM-2022.08.18-0",
                "freeform_tags": {},
                "id": "ocid1.image.oc1.phx.aaaaaaaan4pcblszcz4gjmulzndpaau7nqk4yfhgewmbu4wgjxzyz4n4wz7q",
                "image_source_details": [],
                "instance_id": "",
                "launch_mode": "CUSTOM",
                "launch_options": [
                  {
                    "boot_volume_type": "PARAVIRTUALIZED",
                    "firmware": "UEFI_64",
                    "is_consistent_volume_naming_enabled": false,
                    "is_pv_encryption_in_transit_enabled": true,
                    "network_type": "VFIO",
                    "remote_data_volume_type": "PARAVIRTUALIZED"
                  }
                ],
                "listing_type": "",
                "operating_system": "Windows",
                "operating_system_version": "Server 2019 Standard",
                "size_in_mbs": "48128",
                "state": "AVAILABLE",
                "time_created": "2022-08-26 03:13:09.904 +0000 UTC"
              },
              {
                "agent_features": [],
                "base_image_id": "",
                "billable_size_in_gbs": "19",
                "compartment_id": "",
                "create_image_allowed": true,
                "defined_tags": {},
                "display_name": "Windows-Server-2019-Standard-Edition-VM-2022.07.12-0",
                "freeform_tags": {},
                "id": "ocid1.image.oc1.phx.aaaaaaaadubaijxdiuaiyenrspwdgd5gsj6mg3rrrfcyihcnscc6z2lwe6kq",
                "image_source_details": [],
                "instance_id": "",
                "launch_mode": "CUSTOM",
                "launch_options": [
                  {
                    "boot_volume_type": "PARAVIRTUALIZED",
                    "firmware": "UEFI_64",
                    "is_consistent_volume_naming_enabled": false,
                    "is_pv_encryption_in_transit_enabled": true,
                    "network_type": "VFIO",
                    "remote_data_volume_type": "PARAVIRTUALIZED"
                  }
                ],
                "listing_type": "",
                "operating_system": "Windows",
                "operating_system_version": "Server 2019 Standard",
                "size_in_mbs": "48128",
                "state": "AVAILABLE",
                "time_created": "2022-08-01 06:24:36.365 +0000 UTC"
              }
            ],
            "operating_system": "Windows",
            "operating_system_version": "Server 2019 Standard",
            "shape": "VM.Standard.E4.Flex",
            "sort_by": null,
            "sort_order": null,
            "state": null
          },
          "sensitive_attributes": []
        }
      ]
    },
    {
      "module": "module.server2",
      "mode": "managed",
      "type": "oci_core_instance",
      "name": "instance",
      "provider": "provider[\"registry.terraform.io/hashicorp/oci\"]",
      "instances": [
        {
          "schema_version": 0,
          "attributes": {
            "agent_config": [
              {
                "are_all_plugins_disabled": false,
                "is_management_disabled": false,
                "is_monitoring_disabled": false,
                "plugins_config": [
                  {
                    "desired_state": "ENABLED",
                    "name": "Bastion"
                  }
                ]
              }
            ],
            "async": null,
            "availability_config": [
              {
                "is_live_migration_preferred": false,
                "recovery_action": "RESTORE_INSTANCE"
              }
            ],
            "availability_domain": "kZAQ:PHX-AD-1",
            "boot_volume_id": "ocid1.bootvolume.oc1.phx.abyhqljtbtzk4fr6e7qb5nw5hxj4ogewr6c3cuswjjmssk5cipoz6z6dxo7a",
            "capacity_reservation_id": null,
            "compartment_id": "ocid1.compartment.oc1..aaaaaaaafqqzlp3q7hinidlksbhanwlw7trv74sv6tkbympy72a5kmyui6eq",
            "create_vnic_details": [
              {
                "assign_private_dns_record": false,
                "assign_public_ip": "false",
                "defined_tags": {
                  "DynamicGroup.InstancePrincipal": "Enabled",
                  "Oracle-Tags.CreatedBy": "oracleidentitycloudservice/michael.prestin@oracle.com",
                  "Oracle-Tags.CreatedOn": "2022-11-09T23:35:11.742Z"
                },
                "display_name": "server2",
                "freeform_tags": {},
                "hostname_label": "server2",
                "nsg_ids": null,
                "private_ip": "10.0.1.240",
                "skip_source_dest_check": false,
                "subnet_id": "ocid1.subnet.oc1.phx.aaaaaaaa5j7yovn47b3h5yexbqcqf4svjp3kzrm7kt734zygpjb44p563blq",
                "vlan_id": ""
              }
            ],
            "dedicated_vm_host_id": null,
            "defined_tags": {
              "DynamicGroup.InstancePrincipal": "Enabled",
              "Oracle-Tags.CreatedBy": "oracleidentitycloudservice/michael.prestin@oracle.com",
              "Oracle-Tags.CreatedOn": "2022-11-09T23:35:11.477Z"
            },
            "display_name": "server2",
            "extended_metadata": null,
            "fault_domain": "FAULT-DOMAIN-3",
            "freeform_tags": {},
            "hostname_label": "server2",
            "id": "ocid1.instance.oc1.phx.anyhqljtxkh5s6icdf55l3oz4pgwlk4rayttbx54yftrwbm7bjavbu3lq4xa",
            "image": "ocid1.image.oc1.phx.aaaaaaaa3652rbzpni7z4gesr55d5jvs3rv5kr3ayxtn46grp54foc7qg6nq",
            "instance_options": [
              {
                "are_legacy_imds_endpoints_disabled": false
              }
            ],
            "ipxe_script": null,
            "is_pv_encryption_in_transit_enabled": null,
            "launch_mode": "NATIVE",
            "launch_options": [
              {
                "boot_volume_type": "PARAVIRTUALIZED",
                "firmware": "UEFI_64",
                "is_consistent_volume_naming_enabled": false,
                "is_pv_encryption_in_transit_enabled": false,
                "network_type": "VFIO",
                "remote_data_volume_type": "PARAVIRTUALIZED"
              }
            ],
            "metadata": {
              "ssh_authorized_keys": "ssh-rsa AAAAB3NzaC1yc2EAAAADAQABAAABAQDHgcTjPGpi3dTPfCoi/YHsJhtelf1I8M+aCeZ+Ku8QfyFLWwsSCnw4P/9a4+DmeswI/uf4MeERg1NZd+gm0i0QSeT4+bR0pOpGT96IaVZ1jo+CAA2svSRmQEx+VwPAtfcyIaz3mPITZuQdEKwWutE1XKT18GNoCkfabe0LSiKW5ChO1Gn/Q1Pv2K9DNREZUL7euNf6oz6PySK7d8hc1/+rj1r0d3XDtcBUFMbMd0arE6sJ0CSeNfVyQOjVNoFX79EvA4UtDR5BO8IBQ2f2IC+HxJ05C/wKS2e6xXxjfJquWKefd7f5fFtw/zUs/aKyutcQRq3mAPgHdnaQ+/G/Lg+B\n",
              "user_data": "IyEvYmluL2Jhc2gK"
            },
            "platform_config": [],
            "preemptible_instance_config": [],
            "preserve_boot_volume": null,
            "private_ip": "10.0.1.240",
            "public_ip": "",
            "region": "phx",
            "shape": "VM.Standard.E4.Flex",
            "shape_config": [
              {
                "baseline_ocpu_utilization": "",
                "gpu_description": "",
                "gpus": 0,
                "local_disk_description": "",
                "local_disks": 0,
                "local_disks_total_size_in_gbs": 0,
                "max_vnic_attachments": 2,
                "memory_in_gbs": 10,
                "networking_bandwidth_in_gbps": 1,
                "nvmes": 0,
                "ocpus": 1,
                "processor_description": "2.55 GHz AMD EPYC™ 7J13 (Milan)"
              }
            ],
            "source_details": [
              {
                "boot_volume_size_in_gbs": "47",
                "boot_volume_vpus_per_gb": "10",
                "kms_key_id": "",
                "source_id": "ocid1.image.oc1.phx.aaaaaaaa3652rbzpni7z4gesr55d5jvs3rv5kr3ayxtn46grp54foc7qg6nq",
                "source_type": "image"
              }
            ],
            "state": "RUNNING",
            "subnet_id": "ocid1.subnet.oc1.phx.aaaaaaaa5j7yovn47b3h5yexbqcqf4svjp3kzrm7kt734zygpjb44p563blq",
            "system_tags": {},
            "time_created": "2022-11-09 23:35:12.275 +0000 UTC",
            "time_maintenance_reboot_due": "",
            "timeouts": null
          },
          "sensitive_attributes": [],
          "private": "eyJlMmJmYjczMC1lY2FhLTExZTYtOGY4OC0zNDM2M2JjN2M0YzAiOnsiY3JlYXRlIjoyNzAwMDAwMDAwMDAwLCJkZWxldGUiOjQ1MDAwMDAwMDAwMDAsInVwZGF0ZSI6MjcwMDAwMDAwMDAwMH19",
          "dependencies": [
            "data.oci_identity_availability_domain.ad",
            "module.network.data.oci_core_services.net_services",
            "module.network.oci_core_internet_gateway.internet_gateway",
            "module.network.oci_core_nat_gateway.nat_gateway",
            "module.network.oci_core_route_table.private_subnet_route_table",
            "module.network.oci_core_route_table.public_subnet_route_table",
            "module.network.oci_core_security_list.private_subnet_securitylist",
            "module.network.oci_core_security_list.public_subnet_securitylist",
            "module.network.oci_core_service_gateway.service_gateway",
            "module.network.oci_core_subnet.private_subnet",
            "module.network.oci_core_subnet.public_subnet",
            "module.network.oci_core_vcn.vcn",
            "module.server2.data.oci_core_images.ImageOCID",
            "tls_private_key.ssh_key"
          ]
        }
      ]
    }
  ],
  "check_results": null
}
